PODS:
  - Alamofire (5.2.2)
  - PhoneNumberKit (3.2.0):
    - PhoneNumberKit/PhoneNumberKitCore (= 3.2.0)
    - PhoneNumberKit/UIKit (= 3.2.0)
  - PhoneNumberKit/PhoneNumberKitCore (3.2.0)
  - PhoneNumberKit/UIKit (3.2.0):
    - PhoneNumberKit/PhoneNumberKitCore
  - ReachabilitySwift (5.0.0)
  - Verification (0.0.2):
    - Alamofire (~> 5.2)
    - PhoneNumberKit (~> 3.1)
    - ReachabilitySwift

DEPENDENCIES:
  - Verification

SPEC REPOS:
  "git@github.com:olllo123/PrivateSinchFrameworksRepo.git":
    - Verification
  trunk:
    - Alamofire
    - PhoneNumberKit
    - ReachabilitySwift

SPEC CHECKSUMS:
  Alamofire: 814429acc853c6c54ff123fc3d2ef66803823ce0
  PhoneNumberKit: df411d46177d1492da84e10b6c093846dd861452
  ReachabilitySwift: 985039c6f7b23a1da463388634119492ff86c825
  Verification: 60fcb5868ac7a4628bd1c5840e802d01d6e888f1

PODFILE CHECKSUM: 91cdcd62c8aa85f7cd01f4cd40346ca685472d26

COCOAPODS: 1.10.0
