PODS:
  - Alamofire (5.6.1)
  - CocoaLumberjack/Core (3.7.4)
  - CocoaLumberjack/Swift (3.7.4):
    - CocoaLumberjack/Core
  - PhoneNumberKit (3.3.4):
    - PhoneNumberKit/PhoneNumberKitCore (= 3.3.4)
    - PhoneNumberKit/UIKit (= 3.3.4)
  - PhoneNumberKit/PhoneNumberKitCore (3.3.4)
  - PhoneNumberKit/UIKit (3.3.4):
    - PhoneNumberKit/PhoneNumberKitCore
  - ReachabilitySwift (5.0.0)
  - SinchVerificationSDK (3.2.0):
    - Alamofire (~> 5.2)
    - CocoaLumberjack/Swift (~> 3.7.0)
    - PhoneNumberKit (~> 3.1)
    - ReachabilitySwift

DEPENDENCIES:
  - SinchVerificationSDK (~> 3.2.0)

SPEC REPOS:
  trunk:
    - Alamofire
    - CocoaLumberjack
    - PhoneNumberKit
    - ReachabilitySwift
    - SinchVerificationSDK

SPEC CHECKSUMS:
  Alamofire: 87bd8c952f9a4454320fce00d9cc3de57bcadaf5
  CocoaLumberjack: 543c79c114dadc3b1aba95641d8738b06b05b646
  PhoneNumberKit: 441e8b26ec88d598e3591de9061eff18f5dd12e8
  ReachabilitySwift: 985039c6f7b23a1da463388634119492ff86c825
  SinchVerificationSDK: fa41f372bba2a84d2944443b6ee0f9a808c2a2fe

PODFILE CHECKSUM: cd370c7781aee1cbe1292217416a9d8e50f2adb2

COCOAPODS: 1.10.1
